// !$*UTF8*$!
{
	archiveVersion = 1;
	classes = {
	};
	objectVersion = 56;
	objects = {

/* Begin PBXBuildFile section */
		AAD29F262C638A4E009236F9 /* AppDelegate.swift in Sources */ = {isa = PBXBuildFile; fileRef = AAD29F252C638A4E009236F9 /* AppDelegate.swift */; };
		AAD29F282C638A4E009236F9 /* SceneDelegate.swift in Sources */ = {isa = PBXBuildFile; fileRef = AAD29F272C638A4E009236F9 /* SceneDelegate.swift */; };
		AAD29F2F2C638A4F009236F9 /* Assets.xcassets in Resources */ = {isa = PBXBuildFile; fileRef = AAD29F2E2C638A4F009236F9 /* Assets.xcassets */; };
		AAD29F322C638A4F009236F9 /* Base in Resources */ = {isa = PBXBuildFile; fileRef = AAD29F312C638A4F009236F9 /* Base */; };
		AAD29F3B2C63A548009236F9 /* ForgotPasswordController.swift in Sources */ = {isa = PBXBuildFile; fileRef = AAD29F3A2C63A548009236F9 /* ForgotPasswordController.swift */; };
		AAD29F3D2C63B31F009236F9 /* LoginController.swift in Sources */ = {isa = PBXBuildFile; fileRef = AAD29F3C2C63B31F009236F9 /* LoginController.swift */; };
		AAD29F412C63BAE5009236F9 /* HomeController.swift in Sources */ = {isa = PBXBuildFile; fileRef = AAD29F402C63BAE5009236F9 /* HomeController.swift */; };
		AAD29F452C659552009236F9 /* AuthHeaderView.swift in Sources */ = {isa = PBXBuildFile; fileRef = AAD29F442C659552009236F9 /* AuthHeaderView.swift */; };
		AAD29F472C6601F5009236F9 /* CustomTextField.swift in Sources */ = {isa = PBXBuildFile; fileRef = AAD29F462C6601F5009236F9 /* CustomTextField.swift */; };
		AAD29F492C66033C009236F9 /* CustomButton.swift in Sources */ = {isa = PBXBuildFile; fileRef = AAD29F482C66033C009236F9 /* CustomButton.swift */; };
		AAD29F4D2C6709ED009236F9 /* RegisterController.swift in Sources */ = {isa = PBXBuildFile; fileRef = AAD29F4C2C6709ED009236F9 /* RegisterController.swift */; };
		AAD29F522C6790EB009236F9 /* AlertManager.swift in Sources */ = {isa = PBXBuildFile; fileRef = AAD29F512C6790EB009236F9 /* AlertManager.swift */; };
		AAE96F592C6B8BCF007A2B93 /* Validator.swift in Sources */ = {isa = PBXBuildFile; fileRef = AAE96F582C6B8BCF007A2B93 /* Validator.swift */; };
		AAE96F5F2C6B8CE3007A2B93 /* Endpoints.swift in Sources */ = {isa = PBXBuildFile; fileRef = AAE96F5E2C6B8CE3007A2B93 /* Endpoints.swift */; };
		AAE96F612C6B9363007A2B93 /* HTTP.swift in Sources */ = {isa = PBXBuildFile; fileRef = AAE96F602C6B9363007A2B93 /* HTTP.swift */; };
		AAE96F652C6B93C5007A2B93 /* RegisterUserRequest.swift in Sources */ = {isa = PBXBuildFile; fileRef = AAE96F642C6B93C5007A2B93 /* RegisterUserRequest.swift */; };
		AAE96F692C6B95AA007A2B93 /* ServerResponses.swift in Sources */ = {isa = PBXBuildFile; fileRef = AAE96F682C6B95AA007A2B93 /* ServerResponses.swift */; };
		AAE96F6B2C6B95CE007A2B93 /* AuthService.swift in Sources */ = {isa = PBXBuildFile; fileRef = AAE96F6A2C6B95CE007A2B93 /* AuthService.swift */; };
		AAE96F6D2C6B960A007A2B93 /* WebViewerController.swift in Sources */ = {isa = PBXBuildFile; fileRef = AAE96F6C2C6B960A007A2B93 /* WebViewerController.swift */; };
		AAE96F6F2C6B9645007A2B93 /* DataService.swift in Sources */ = {isa = PBXBuildFile; fileRef = AAE96F6E2C6B9645007A2B93 /* DataService.swift */; };
		AAE96F712C6B9BA6007A2B93 /* DataArray.swift in Sources */ = {isa = PBXBuildFile; fileRef = AAE96F702C6B9BA6007A2B93 /* DataArray.swift */; };
		AAE96F732C6B9BBA007A2B93 /* SignInUserRequest.swift in Sources */ = {isa = PBXBuildFile; fileRef = AAE96F722C6B9BBA007A2B93 /* SignInUserRequest.swift */; };
		AAE96F752C6B9D19007A2B93 /* Constants.swift in Sources */ = {isa = PBXBuildFile; fileRef = AAE96F742C6B9D19007A2B93 /* Constants.swift */; };
/* End PBXBuildFile section */

/* Begin PBXFileReference section */
		AAD29F222C638A4E009236F9 /* Audio App.app */ = {isa = PBXFileReference; explicitFileType = wrapper.application; includeInIndex = 0; path = "Audio App.app"; sourceTree = BUILT_PRODUCTS_DIR; };
		AAD29F252C638A4E009236F9 /* AppDelegate.swift */ = {isa = PBXFileReference; lastKnownFileType = sourcecode.swift; path = AppDelegate.swift; sourceTree = "<group>"; };
		AAD29F272C638A4E009236F9 /* SceneDelegate.swift */ = {isa = PBXFileReference; lastKnownFileType = sourcecode.swift; path = SceneDelegate.swift; sourceTree = "<group>"; };
		AAD29F2E2C638A4F009236F9 /* Assets.xcassets */ = {isa = PBXFileReference; lastKnownFileType = folder.assetcatalog; path = Assets.xcassets; sourceTree = "<group>"; };
		AAD29F312C638A4F009236F9 /* Base */ = {isa = PBXFileReference; lastKnownFileType = file.storyboard; name = Base; path = Base.lproj/LaunchScreen.storyboard; sourceTree = "<group>"; };
		AAD29F332C638A4F009236F9 /* Info.plist */ = {isa = PBXFileReference; lastKnownFileType = text.plist.xml; path = Info.plist; sourceTree = "<group>"; };
		AAD29F3A2C63A548009236F9 /* ForgotPasswordController.swift */ = {isa = PBXFileReference; lastKnownFileType = sourcecode.swift; path = ForgotPasswordController.swift; sourceTree = "<group>"; };
		AAD29F3C2C63B31F009236F9 /* LoginController.swift */ = {isa = PBXFileReference; lastKnownFileType = sourcecode.swift; path = LoginController.swift; sourceTree = "<group>"; };
		AAD29F402C63BAE5009236F9 /* HomeController.swift */ = {isa = PBXFileReference; lastKnownFileType = sourcecode.swift; path = HomeController.swift; sourceTree = "<group>"; };
		AAD29F442C659552009236F9 /* AuthHeaderView.swift */ = {isa = PBXFileReference; lastKnownFileType = sourcecode.swift; path = AuthHeaderView.swift; sourceTree = "<group>"; };
		AAD29F462C6601F5009236F9 /* CustomTextField.swift */ = {isa = PBXFileReference; lastKnownFileType = sourcecode.swift; path = CustomTextField.swift; sourceTree = "<group>"; };
		AAD29F482C66033C009236F9 /* CustomButton.swift */ = {isa = PBXFileReference; lastKnownFileType = sourcecode.swift; path = CustomButton.swift; sourceTree = "<group>"; };
		AAD29F4C2C6709ED009236F9 /* RegisterController.swift */ = {isa = PBXFileReference; lastKnownFileType = sourcecode.swift; path = RegisterController.swift; sourceTree = "<group>"; };
		AAD29F512C6790EB009236F9 /* AlertManager.swift */ = {isa = PBXFileReference; lastKnownFileType = sourcecode.swift; path = AlertManager.swift; sourceTree = "<group>"; };
		AAE96F582C6B8BCF007A2B93 /* Validator.swift */ = {isa = PBXFileReference; lastKnownFileType = sourcecode.swift; path = Validator.swift; sourceTree = "<group>"; };
		AAE96F5E2C6B8CE3007A2B93 /* Endpoints.swift */ = {isa = PBXFileReference; lastKnownFileType = sourcecode.swift; path = Endpoints.swift; sourceTree = "<group>"; };
		AAE96F602C6B9363007A2B93 /* HTTP.swift */ = {isa = PBXFileReference; lastKnownFileType = sourcecode.swift; path = HTTP.swift; sourceTree = "<group>"; };
		AAE96F642C6B93C5007A2B93 /* RegisterUserRequest.swift */ = {isa = PBXFileReference; lastKnownFileType = sourcecode.swift; path = RegisterUserRequest.swift; sourceTree = "<group>"; };
		AAE96F682C6B95AA007A2B93 /* ServerResponses.swift */ = {isa = PBXFileReference; lastKnownFileType = sourcecode.swift; path = ServerResponses.swift; sourceTree = "<group>"; };
		AAE96F6A2C6B95CE007A2B93 /* AuthService.swift */ = {isa = PBXFileReference; lastKnownFileType = sourcecode.swift; path = AuthService.swift; sourceTree = "<group>"; };
		AAE96F6C2C6B960A007A2B93 /* WebViewerController.swift */ = {isa = PBXFileReference; lastKnownFileType = sourcecode.swift; path = WebViewerController.swift; sourceTree = "<group>"; };
		AAE96F6E2C6B9645007A2B93 /* DataService.swift */ = {isa = PBXFileReference; lastKnownFileType = sourcecode.swift; path = DataService.swift; sourceTree = "<group>"; };
		AAE96F702C6B9BA6007A2B93 /* DataArray.swift */ = {isa = PBXFileReference; lastKnownFileType = sourcecode.swift; path = DataArray.swift; sourceTree = "<group>"; };
		AAE96F722C6B9BBA007A2B93 /* SignInUserRequest.swift */ = {isa = PBXFileReference; lastKnownFileType = sourcecode.swift; path = SignInUserRequest.swift; sourceTree = "<group>"; };
		AAE96F742C6B9D19007A2B93 /* Constants.swift */ = {isa = PBXFileReference; lastKnownFileType = sourcecode.swift; path = Constants.swift; sourceTree = "<group>"; };
/* End PBXFileReference section */

/* Begin PBXFrameworksBuildPhase section */
		AAD29F1F2C638A4E009236F9 /* Frameworks */ = {
			isa = PBXFrameworksBuildPhase;
			buildActionMask = 2147483647;
			files = (
			);
			runOnlyForDeploymentPostprocessing = 0;
		};
/* End PBXFrameworksBuildPhase section */

/* Begin PBXGroup section */
		AAD29F192C638A4E009236F9 = {
			isa = PBXGroup;
			children = (
				AAD29F242C638A4E009236F9 /* Audio App */,
				AAD29F232C638A4E009236F9 /* Products */,
			);
			sourceTree = "<group>";
		};
		AAD29F232C638A4E009236F9 /* Products */ = {
			isa = PBXGroup;
			children = (
				AAD29F222C638A4E009236F9 /* Audio App.app */,
			);
			name = Products;
			sourceTree = "<group>";
		};
		AAD29F242C638A4E009236F9 /* Audio App */ = {
			isa = PBXGroup;
			children = (
				AAD29F512C6790EB009236F9 /* AlertManager.swift */,
				AAE96F582C6B8BCF007A2B93 /* Validator.swift */,
				AAE96F5A2C6B8BF3007A2B93 /* API */,
				AAE96F5B2C6B8BFA007A2B93 /* Models */,
				AAD29F502C6790BC009236F9 /* Controller */,
				AAD29F422C63BBC7009236F9 /* Views */,
				AAD29F392C638CAE009236F9 /* Supporting */,
				AAD29F332C638A4F009236F9 /* Info.plist */,
			);
			path = "Audio App";
			sourceTree = "<group>";
		};
		AAD29F392C638CAE009236F9 /* Supporting */ = {
			isa = PBXGroup;
			children = (
				AAE96F742C6B9D19007A2B93 /* Constants.swift */,
				AAD29F252C638A4E009236F9 /* AppDelegate.swift */,
				AAD29F272C638A4E009236F9 /* SceneDelegate.swift */,
				AAD29F2E2C638A4F009236F9 /* Assets.xcassets */,
				AAD29F302C638A4F009236F9 /* LaunchScreen.storyboard */,
			);
			path = Supporting;
			sourceTree = "<group>";
		};
		AAD29F422C63BBC7009236F9 /* Views */ = {
			isa = PBXGroup;
			children = (
				AAD29F442C659552009236F9 /* AuthHeaderView.swift */,
				AAD29F462C6601F5009236F9 /* CustomTextField.swift */,
				AAD29F482C66033C009236F9 /* CustomButton.swift */,
			);
			path = Views;
			sourceTree = "<group>";
		};
		AAD29F502C6790BC009236F9 /* Controller */ = {
			isa = PBXGroup;
			children = (
				AAD29F3A2C63A548009236F9 /* ForgotPasswordController.swift */,
				AAD29F4C2C6709ED009236F9 /* RegisterController.swift */,
				AAD29F402C63BAE5009236F9 /* HomeController.swift */,
				AAD29F3C2C63B31F009236F9 /* LoginController.swift */,
				AAE96F6C2C6B960A007A2B93 /* WebViewerController.swift */,
			);
			path = Controller;
			sourceTree = "<group>";
		};
		AAE96F5A2C6B8BF3007A2B93 /* API */ = {
			isa = PBXGroup;
			children = (
				AAE96F602C6B9363007A2B93 /* HTTP.swift */,
				AAE96F5E2C6B8CE3007A2B93 /* Endpoints.swift */,
				AAE96F6A2C6B95CE007A2B93 /* AuthService.swift */,
				AAE96F6E2C6B9645007A2B93 /* DataService.swift */,
			);
			path = API;
			sourceTree = "<group>";
		};
		AAE96F5B2C6B8BFA007A2B93 /* Models */ = {
			isa = PBXGroup;
			children = (
				AAE96F642C6B93C5007A2B93 /* RegisterUserRequest.swift */,
				AAE96F682C6B95AA007A2B93 /* ServerResponses.swift */,
				AAE96F702C6B9BA6007A2B93 /* DataArray.swift */,
				AAE96F722C6B9BBA007A2B93 /* SignInUserRequest.swift */,
			);
			path = Models;
			sourceTree = "<group>";
		};
/* End PBXGroup section */

/* Begin PBXNativeTarget section */
		AAD29F212C638A4E009236F9 /* Audio App */ = {
			isa = PBXNativeTarget;
			buildConfigurationList = AAD29F362C638A4F009236F9 /* Build configuration list for PBXNativeTarget "Audio App" */;
			buildPhases = (
				AAD29F1E2C638A4E009236F9 /* Sources */,
				AAD29F1F2C638A4E009236F9 /* Frameworks */,
				AAD29F202C638A4E009236F9 /* Resources */,
			);
			buildRules = (
			);
			dependencies = (
			);
			name = "Audio App";
			productName = "Audio App";
			productReference = AAD29F222C638A4E009236F9 /* Audio App.app */;
			productType = "com.apple.product-type.application";
		};
/* End PBXNativeTarget section */

/* Begin PBXProject section */
		AAD29F1A2C638A4E009236F9 /* Project object */ = {
			isa = PBXProject;
			attributes = {
				BuildIndependentTargetsInParallel = 1;
				LastSwiftUpdateCheck = 1540;
				LastUpgradeCheck = 1540;
				TargetAttributes = {
					AAD29F212C638A4E009236F9 = {
						CreatedOnToolsVersion = 15.4;
					};
				};
			};
			buildConfigurationList = AAD29F1D2C638A4E009236F9 /* Build configuration list for PBXProject "Audio App" */;
			compatibilityVersion = "Xcode 14.0";
			developmentRegion = en;
			hasScannedForEncodings = 0;
			knownRegions = (
				en,
				Base,
			);
			mainGroup = AAD29F192C638A4E009236F9;
			productRefGroup = AAD29F232C638A4E009236F9 /* Products */;
			projectDirPath = "";
			projectRoot = "";
			targets = (
				AAD29F212C638A4E009236F9 /* Audio App */,
			);
		};
/* End PBXProject section */

/* Begin PBXResourcesBuildPhase section */
		AAD29F202C638A4E009236F9 /* Resources */ = {
			isa = PBXResourcesBuildPhase;
			buildActionMask = 2147483647;
			files = (
				AAD29F2F2C638A4F009236F9 /* Assets.xcassets in Resources */,
				AAD29F322C638A4F009236F9 /* Base in Resources */,
			);
			runOnlyForDeploymentPostprocessing = 0;
		};
/* End PBXResourcesBuildPhase section */

/* Begin PBXSourcesBuildPhase section */
		AAD29F1E2C638A4E009236F9 /* Sources */ = {
			isa = PBXSourcesBuildPhase;
			buildActionMask = 2147483647;
			files = (
				AAD29F3B2C63A548009236F9 /* ForgotPasswordController.swift in Sources */,
				AAE96F752C6B9D19007A2B93 /* Constants.swift in Sources */,
				AAD29F522C6790EB009236F9 /* AlertManager.swift in Sources */,
				AAE96F5F2C6B8CE3007A2B93 /* Endpoints.swift in Sources */,
				AAE96F652C6B93C5007A2B93 /* RegisterUserRequest.swift in Sources */,
				AAD29F412C63BAE5009236F9 /* HomeController.swift in Sources */,
				AAD29F492C66033C009236F9 /* CustomButton.swift in Sources */,
				AAE96F6F2C6B9645007A2B93 /* DataService.swift in Sources */,
				AAE96F592C6B8BCF007A2B93 /* Validator.swift in Sources */,
				AAD29F262C638A4E009236F9 /* AppDelegate.swift in Sources */,
				AAD29F472C6601F5009236F9 /* CustomTextField.swift in Sources */,
				AAE96F692C6B95AA007A2B93 /* ServerResponses.swift in Sources */,
				AAE96F732C6B9BBA007A2B93 /* SignInUserRequest.swift in Sources */,
				AAD29F282C638A4E009236F9 /* SceneDelegate.swift in Sources */,
				AAE96F612C6B9363007A2B93 /* HTTP.swift in Sources */,
				AAD29F3D2C63B31F009236F9 /* LoginController.swift in Sources */,
				AAD29F452C659552009236F9 /* AuthHeaderView.swift in Sources */,
				AAE96F6B2C6B95CE007A2B93 /* AuthService.swift in Sources */,
				AAE96F6D2C6B960A007A2B93 /* WebViewerController.swift in Sources */,
				AAD29F4D2C6709ED009236F9 /* RegisterController.swift in Sources */,
				AAE96F712C6B9BA6007A2B93 /* DataArray.swift in Sources */,
			);
			runOnlyForDeploymentPostprocessing = 0;
		};
/* End PBXSourcesBuildPhase section */

/* Begin PBXVariantGroup section */
		AAD29F302C638A4F009236F9 /* LaunchScreen.storyboard */ = {
			isa = PBXVariantGroup;
			children = (
				AAD29F312C638A4F009236F9 /* Base */,
			);
			name = LaunchScreen.storyboard;
			sourceTree = "<group>";
		};
/* End PBXVariantGroup section */

/* Begin XCBuildConfiguration section */
		AAD29F342C638A4F009236F9 /* Debug */ = {
			isa = XCBuildConfiguration;
			buildSettings = {
				ALWAYS_SEARCH_USER_PATHS = NO;
				ASSETCATALOG_COMPILER_GENERATE_SWIFT_ASSET_SYMBOL_EXTENSIONS = YES;
				CLANG_ANALYZER_NONNULL = YES;
				CLANG_ANALYZER_NUMBER_OBJECT_CONVERSION = YES_AGGRESSIVE;
				CLANG_CXX_LANGUAGE_STANDARD = "gnu++20";
				CLANG_ENABLE_MODULES = YES;
				CLANG_ENABLE_OBJC_ARC = YES;
				CLANG_ENABLE_OBJC_WEAK = YES;
				CLANG_WARN_BLOCK_CAPTURE_AUTORELEASING = YES;
				CLANG_WARN_BOOL_CONVERSION = YES;
				CLANG_WARN_COMMA = YES;
				CLANG_WARN_CONSTANT_CONVERSION = YES;
				CLANG_WARN_DEPRECATED_OBJC_IMPLEMENTATIONS = YES;
				CLANG_WARN_DIRECT_OBJC_ISA_USAGE = YES_ERROR;
				CLANG_WARN_DOCUMENTATION_COMMENTS = YES;
				CLANG_WARN_EMPTY_BODY = YES;
				CLANG_WARN_ENUM_CONVERSION = YES;
				CLANG_WARN_INFINITE_RECURSION = YES;
				CLANG_WARN_INT_CONVERSION = YES;
				CLANG_WARN_NON_LITERAL_NULL_CONVERSION = YES;
				CLANG_WARN_OBJC_IMPLICIT_RETAIN_SELF = YES;
				CLANG_WARN_OBJC_LITERAL_CONVERSION = YES;
				CLANG_WARN_OBJC_ROOT_CLASS = YES_ERROR;
				CLANG_WARN_QUOTED_INCLUDE_IN_FRAMEWORK_HEADER = YES;
				CLANG_WARN_RANGE_LOOP_ANALYSIS = YES;
				CLANG_WARN_STRICT_PROTOTYPES = YES;
				CLANG_WARN_SUSPICIOUS_MOVE = YES;
				CLANG_WARN_UNGUARDED_AVAILABILITY = YES_AGGRESSIVE;
				CLANG_WARN_UNREACHABLE_CODE = YES;
				CLANG_WARN__DUPLICATE_METHOD_MATCH = YES;
				COPY_PHASE_STRIP = NO;
				DEBUG_INFORMATION_FORMAT = dwarf;
				ENABLE_STRICT_OBJC_MSGSEND = YES;
				ENABLE_TESTABILITY = YES;
				ENABLE_USER_SCRIPT_SANDBOXING = YES;
				GCC_C_LANGUAGE_STANDARD = gnu17;
				GCC_DYNAMIC_NO_PIC = NO;
				GCC_NO_COMMON_BLOCKS = YES;
				GCC_OPTIMIZATION_LEVEL = 0;
				GCC_PREPROCESSOR_DEFINITIONS = (
					"DEBUG=1",
					"$(inherited)",
				);
				GCC_WARN_64_TO_32_BIT_CONVERSION = YES;
				GCC_WARN_ABOUT_RETURN_TYPE = YES_ERROR;
				GCC_WARN_UNDECLARED_SELECTOR = YES;
				GCC_WARN_UNINITIALIZED_AUTOS = YES_AGGRESSIVE;
				GCC_WARN_UNUSED_FUNCTION = YES;
				GCC_WARN_UNUSED_VARIABLE = YES;
				IPHONEOS_DEPLOYMENT_TARGET = 17.5;
				LOCALIZATION_PREFERS_STRING_CATALOGS = YES;
				MTL_ENABLE_DEBUG_INFO = INCLUDE_SOURCE;
				MTL_FAST_MATH = YES;
				ONLY_ACTIVE_ARCH = YES;
				SDKROOT = iphoneos;
				SWIFT_ACTIVE_COMPILATION_CONDITIONS = "DEBUG $(inherited)";
				SWIFT_OPTIMIZATION_LEVEL = "-Onone";
			};
			name = Debug;
		};
		AAD29F352C638A4F009236F9 /* Release */ = {
			isa = XCBuildConfiguration;
			buildSettings = {
				ALWAYS_SEARCH_USER_PATHS = NO;
				ASSETCATALOG_COMPILER_GENERATE_SWIFT_ASSET_SYMBOL_EXTENSIONS = YES;
				CLANG_ANALYZER_NONNULL = YES;
				CLANG_ANALYZER_NUMBER_OBJECT_CONVERSION = YES_AGGRESSIVE;
				CLANG_CXX_LANGUAGE_STANDARD = "gnu++20";
				CLANG_ENABLE_MODULES = YES;
				CLANG_ENABLE_OBJC_ARC = YES;
				CLANG_ENABLE_OBJC_WEAK = YES;
				CLANG_WARN_BLOCK_CAPTURE_AUTORELEASING = YES;
				CLANG_WARN_BOOL_CONVERSION = YES;
				CLANG_WARN_COMMA = YES;
				CLANG_WARN_CONSTANT_CONVERSION = YES;
				CLANG_WARN_DEPRECATED_OBJC_IMPLEMENTATIONS = YES;
				CLANG_WARN_DIRECT_OBJC_ISA_USAGE = YES_ERROR;
				CLANG_WARN_DOCUMENTATION_COMMENTS = YES;
				CLANG_WARN_EMPTY_BODY = YES;
				CLANG_WARN_ENUM_CONVERSION = YES;
				CLANG_WARN_INFINITE_RECURSION = YES;
				CLANG_WARN_INT_CONVERSION = YES;
				CLANG_WARN_NON_LITERAL_NULL_CONVERSION = YES;
				CLANG_WARN_OBJC_IMPLICIT_RETAIN_SELF = YES;
				CLANG_WARN_OBJC_LITERAL_CONVERSION = YES;
				CLANG_WARN_OBJC_ROOT_CLASS = YES_ERROR;
				CLANG_WARN_QUOTED_INCLUDE_IN_FRAMEWORK_HEADER = YES;
				CLANG_WARN_RANGE_LOOP_ANALYSIS = YES;
				CLANG_WARN_STRICT_PROTOTYPES = YES;
				CLANG_WARN_SUSPICIOUS_MOVE = YES;
				CLANG_WARN_UNGUARDED_AVAILABILITY = YES_AGGRESSIVE;
				CLANG_WARN_UNREACHABLE_CODE = YES;
				CLANG_WARN__DUPLICATE_METHOD_MATCH = YES;
				COPY_PHASE_STRIP = NO;
				DEBUG_INFORMATION_FORMAT = "dwarf-with-dsym";
				ENABLE_NS_ASSERTIONS = NO;
				ENABLE_STRICT_OBJC_MSGSEND = YES;
				ENABLE_USER_SCRIPT_SANDBOXING = YES;
				GCC_C_LANGUAGE_STANDARD = gnu17;
				GCC_NO_COMMON_BLOCKS = YES;
				GCC_WARN_64_TO_32_BIT_CONVERSION = YES;
				GCC_WARN_ABOUT_RETURN_TYPE = YES_ERROR;
				GCC_WARN_UNDECLARED_SELECTOR = YES;
				GCC_WARN_UNINITIALIZED_AUTOS = YES_AGGRESSIVE;
				GCC_WARN_UNUSED_FUNCTION = YES;
				GCC_WARN_UNUSED_VARIABLE = YES;
				IPHONEOS_DEPLOYMENT_TARGET = 17.5;
				LOCALIZATION_PREFERS_STRING_CATALOGS = YES;
				MTL_ENABLE_DEBUG_INFO = NO;
				MTL_FAST_MATH = YES;
				SDKROOT = iphoneos;
				SWIFT_COMPILATION_MODE = wholemodule;
				VALIDATE_PRODUCT = YES;
			};
			name = Release;
		};
		AAD29F372C638A4F009236F9 /* Debug */ = {
			isa = XCBuildConfiguration;
			buildSettings = {
				ASSETCATALOG_COMPILER_APPICON_NAME = AppIcon;
				ASSETCATALOG_COMPILER_GLOBAL_ACCENT_COLOR_NAME = AccentColor;
				CODE_SIGN_STYLE = Automatic;
				CURRENT_PROJECT_VERSION = 1;
				GENERATE_INFOPLIST_FILE = YES;
				INFOPLIST_FILE = "Audio App/Info.plist";
				INFOPLIST_KEY_UIApplicationSupportsIndirectInputEvents = YES;
				INFOPLIST_KEY_UILaunchStoryboardName = LaunchScreen;
				INFOPLIST_KEY_UISupportedInterfaceOrientations_iPad = "UIInterfaceOrientationPortrait UIInterfaceOrientationPortraitUpsideDown UIInterfaceOrientationLandscapeLeft UIInterfaceOrientationLandscapeRight";
				INFOPLIST_KEY_UISupportedInterfaceOrientations_iPhone = "UIInterfaceOrientationPortrait UIInterfaceOrientationLandscapeLeft UIInterfaceOrientationLandscapeRight";
				LD_RUNPATH_SEARCH_PATHS = (
					"$(inherited)",
					"@executable_path/Frameworks",
				);
				MARKETING_VERSION = 1.0;
				PRODUCT_BUNDLE_IDENTIFIER = "Kei.Audio-App";
				PRODUCT_NAME = "$(TARGET_NAME)";
				SWIFT_EMIT_LOC_STRINGS = YES;
				SWIFT_VERSION = 5.0;
				TARGETED_DEVICE_FAMILY = "1,2";
			};
			name = Debug;
		};
		AAD29F382C638A4F009236F9 /* Release */ = {
			isa = XCBuildConfiguration;
			buildSettings = {
				ASSETCATALOG_COMPILER_APPICON_NAME = AppIcon;
				ASSETCATALOG_COMPILER_GLOBAL_ACCENT_COLOR_NAME = AccentColor;
				CODE_SIGN_STYLE = Automatic;
				CURRENT_PROJECT_VERSION = 1;
				GENERATE_INFOPLIST_FILE = YES;
				INFOPLIST_FILE = "Audio App/Info.plist";
				INFOPLIST_KEY_UIApplicationSupportsIndirectInputEvents = YES;
				INFOPLIST_KEY_UILaunchStoryboardName = LaunchScreen;
				INFOPLIST_KEY_UISupportedInterfaceOrientations_iPad = "UIInterfaceOrientationPortrait UIInterfaceOrientationPortraitUpsideDown UIInterfaceOrientationLandscapeLeft UIInterfaceOrientationLandscapeRight";
				INFOPLIST_KEY_UISupportedInterfaceOrientations_iPhone = "UIInterfaceOrientationPortrait UIInterfaceOrientationLandscapeLeft UIInterfaceOrientationLandscapeRight";
				LD_RUNPATH_SEARCH_PATHS = (
					"$(inherited)",
					"@executable_path/Frameworks",
				);
				MARKETING_VERSION = 1.0;
				PRODUCT_BUNDLE_IDENTIFIER = "Kei.Audio-App";
				PRODUCT_NAME = "$(TARGET_NAME)";
				SWIFT_EMIT_LOC_STRINGS = YES;
				SWIFT_VERSION = 5.0;
				TARGETED_DEVICE_FAMILY = "1,2";
			};
			name = Release;
		};
/* End XCBuildConfiguration section */

/* Begin XCConfigurationList section */
		AAD29F1D2C638A4E009236F9 /* Build configuration list for PBXProject "Audio App" */ = {
			isa = XCConfigurationList;
			buildConfigurations = (
				AAD29F342C638A4F009236F9 /* Debug */,
				AAD29F352C638A4F009236F9 /* Release */,
			);
			defaultConfigurationIsVisible = 0;
			defaultConfigurationName = Release;
		};
		AAD29F362C638A4F009236F9 /* Build configuration list for PBXNativeTarget "Audio App" */ = {
			isa = XCConfigurationList;
			buildConfigurations = (
				AAD29F372C638A4F009236F9 /* Debug */,
				AAD29F382C638A4F009236F9 /* Release */,
			);
			defaultConfigurationIsVisible = 0;
			defaultConfigurationName = Release;
		};
/* End XCConfigurationList section */
	};
	rootObject = AAD29F1A2C638A4E009236F9 /* Project object */;
}
